// !$*UTF8*$!
{
	archiveVersion = 1;
	classes = {
	};
	objectVersion = 50;
	objects = {

/* Begin PBXBuildFile section */
		55C130DCFC8F6D44B4363F9A /* Pods_XMPPMessenger.framework in Frameworks */ = {isa = PBXBuildFile; fileRef = F9D86AC55D0094631FB12C86 /* Pods_XMPPMessenger.framework */; };
		6900A9EE22D953E3009BD879 /* AppDelegate.swift in Sources */ = {isa = PBXBuildFile; fileRef = 6900A9ED22D953E3009BD879 /* AppDelegate.swift */; };
		6900A9F022D953E3009BD879 /* ViewController.swift in Sources */ = {isa = PBXBuildFile; fileRef = 6900A9EF22D953E3009BD879 /* ViewController.swift */; };
		6900A9F322D953E3009BD879 /* Main.storyboard in Resources */ = {isa = PBXBuildFile; fileRef = 6900A9F122D953E3009BD879 /* Main.storyboard */; };
		6900A9F522D953E7009BD879 /* Assets.xcassets in Resources */ = {isa = PBXBuildFile; fileRef = 6900A9F422D953E7009BD879 /* Assets.xcassets */; };
		6900A9F822D953E7009BD879 /* LaunchScreen.storyboard in Resources */ = {isa = PBXBuildFile; fileRef = 6900A9F622D953E7009BD879 /* LaunchScreen.storyboard */; };
		6900AA0322D953E7009BD879 /* XMPPMessengerTests.swift in Sources */ = {isa = PBXBuildFile; fileRef = 6900AA0222D953E7009BD879 /* XMPPMessengerTests.swift */; };
		6900AA0E22D953E7009BD879 /* XMPPMessengerUITests.swift in Sources */ = {isa = PBXBuildFile; fileRef = 6900AA0D22D953E7009BD879 /* XMPPMessengerUITests.swift */; };
		6900AA1C22D95529009BD879 /* CommunicationManager.swift in Sources */ = {isa = PBXBuildFile; fileRef = 6900AA1B22D95529009BD879 /* CommunicationManager.swift */; };
		6900AA2022D956C3009BD879 /* Message.swift in Sources */ = {isa = PBXBuildFile; fileRef = 6900AA1F22D956C3009BD879 /* Message.swift */; };
		6900AA2222D95709009BD879 /* Image.swift in Sources */ = {isa = PBXBuildFile; fileRef = 6900AA2122D95709009BD879 /* Image.swift */; };
		6900AA2422D957E6009BD879 /* ClientInformation.swift in Sources */ = {isa = PBXBuildFile; fileRef = 6900AA2322D957E6009BD879 /* ClientInformation.swift */; };
		6900AA2622D95DC1009BD879 /* ConnectionInformation.plist in Resources */ = {isa = PBXBuildFile; fileRef = 6900AA2522D95DC1009BD879 /* ConnectionInformation.plist */; };
		69060A0A22DA09F2000587C4 /* UserCredential.swift in Sources */ = {isa = PBXBuildFile; fileRef = 69060A0922DA09F2000587C4 /* UserCredential.swift */; };
		69060A0C22DA1E0B000587C4 /* MultiCast.swift in Sources */ = {isa = PBXBuildFile; fileRef = 69060A0B22DA1E0B000587C4 /* MultiCast.swift */; };
/* End PBXBuildFile section */

/* Begin PBXContainerItemProxy section */
		6900A9FF22D953E7009BD879 /* PBXContainerItemProxy */ = {
			isa = PBXContainerItemProxy;
			containerPortal = 6900A9E222D953E3009BD879 /* Project object */;
			proxyType = 1;
			remoteGlobalIDString = 6900A9E922D953E3009BD879;
			remoteInfo = XMPPMessenger;
		};
		6900AA0A22D953E7009BD879 /* PBXContainerItemProxy */ = {
			isa = PBXContainerItemProxy;
			containerPortal = 6900A9E222D953E3009BD879 /* Project object */;
			proxyType = 1;
			remoteGlobalIDString = 6900A9E922D953E3009BD879;
			remoteInfo = XMPPMessenger;
		};
/* End PBXContainerItemProxy section */

/* Begin PBXFileReference section */
		414BF67D64F06A50B1E83033 /* Pods-XMPPMessenger.debug.xcconfig */ = {isa = PBXFileReference; includeInIndex = 1; lastKnownFileType = text.xcconfig; name = "Pods-XMPPMessenger.debug.xcconfig"; path = "Target Support Files/Pods-XMPPMessenger/Pods-XMPPMessenger.debug.xcconfig"; sourceTree = "<group>"; };
		6900A9EA22D953E3009BD879 /* XMPPMessenger.app */ = {isa = PBXFileReference; explicitFileType = wrapper.application; includeInIndex = 0; path = XMPPMessenger.app; sourceTree = BUILT_PRODUCTS_DIR; };
		6900A9ED22D953E3009BD879 /* AppDelegate.swift */ = {isa = PBXFileReference; lastKnownFileType = sourcecode.swift; path = AppDelegate.swift; sourceTree = "<group>"; };
		6900A9EF22D953E3009BD879 /* ViewController.swift */ = {isa = PBXFileReference; lastKnownFileType = sourcecode.swift; path = ViewController.swift; sourceTree = "<group>"; };
		6900A9F222D953E3009BD879 /* Base */ = {isa = PBXFileReference; lastKnownFileType = file.storyboard; name = Base; path = Base.lproj/Main.storyboard; sourceTree = "<group>"; };
		6900A9F422D953E7009BD879 /* Assets.xcassets */ = {isa = PBXFileReference; lastKnownFileType = folder.assetcatalog; path = Assets.xcassets; sourceTree = "<group>"; };
		6900A9F722D953E7009BD879 /* Base */ = {isa = PBXFileReference; lastKnownFileType = file.storyboard; name = Base; path = Base.lproj/LaunchScreen.storyboard; sourceTree = "<group>"; };
		6900A9F922D953E7009BD879 /* Info.plist */ = {isa = PBXFileReference; lastKnownFileType = text.plist.xml; path = Info.plist; sourceTree = "<group>"; };
		6900A9FE22D953E7009BD879 /* XMPPMessengerTests.xctest */ = {isa = PBXFileReference; explicitFileType = wrapper.cfbundle; includeInIndex = 0; path = XMPPMessengerTests.xctest; sourceTree = BUILT_PRODUCTS_DIR; };
		6900AA0222D953E7009BD879 /* XMPPMessengerTests.swift */ = {isa = PBXFileReference; lastKnownFileType = sourcecode.swift; path = XMPPMessengerTests.swift; sourceTree = "<group>"; };
		6900AA0422D953E7009BD879 /* Info.plist */ = {isa = PBXFileReference; lastKnownFileType = text.plist.xml; path = Info.plist; sourceTree = "<group>"; };
		6900AA0922D953E7009BD879 /* XMPPMessengerUITests.xctest */ = {isa = PBXFileReference; explicitFileType = wrapper.cfbundle; includeInIndex = 0; path = XMPPMessengerUITests.xctest; sourceTree = BUILT_PRODUCTS_DIR; };
		6900AA0D22D953E7009BD879 /* XMPPMessengerUITests.swift */ = {isa = PBXFileReference; lastKnownFileType = sourcecode.swift; path = XMPPMessengerUITests.swift; sourceTree = "<group>"; };
		6900AA0F22D953E7009BD879 /* Info.plist */ = {isa = PBXFileReference; lastKnownFileType = text.plist.xml; path = Info.plist; sourceTree = "<group>"; };
		6900AA1B22D95529009BD879 /* CommunicationManager.swift */ = {isa = PBXFileReference; lastKnownFileType = sourcecode.swift; path = CommunicationManager.swift; sourceTree = "<group>"; };
		6900AA1E22D9560C009BD879 /* Podfile */ = {isa = PBXFileReference; lastKnownFileType = text; path = Podfile; sourceTree = "<group>"; };
		6900AA1F22D956C3009BD879 /* Message.swift */ = {isa = PBXFileReference; lastKnownFileType = sourcecode.swift; path = Message.swift; sourceTree = "<group>"; };
		6900AA2122D95709009BD879 /* Image.swift */ = {isa = PBXFileReference; lastKnownFileType = sourcecode.swift; path = Image.swift; sourceTree = "<group>"; };
		6900AA2322D957E6009BD879 /* ClientInformation.swift */ = {isa = PBXFileReference; lastKnownFileType = sourcecode.swift; path = ClientInformation.swift; sourceTree = "<group>"; };
		6900AA2522D95DC1009BD879 /* ConnectionInformation.plist */ = {isa = PBXFileReference; lastKnownFileType = text.plist.xml; path = ConnectionInformation.plist; sourceTree = "<group>"; };
		69060A0922DA09F2000587C4 /* UserCredential.swift */ = {isa = PBXFileReference; lastKnownFileType = sourcecode.swift; path = UserCredential.swift; sourceTree = "<group>"; };
		69060A0B22DA1E0B000587C4 /* MultiCast.swift */ = {isa = PBXFileReference; lastKnownFileType = sourcecode.swift; path = MultiCast.swift; sourceTree = "<group>"; };
		B4EBBB67DFFCE2A4B73A149B /* Pods-XMPPMessenger.release.xcconfig */ = {isa = PBXFileReference; includeInIndex = 1; lastKnownFileType = text.xcconfig; name = "Pods-XMPPMessenger.release.xcconfig"; path = "Target Support Files/Pods-XMPPMessenger/Pods-XMPPMessenger.release.xcconfig"; sourceTree = "<group>"; };
		F9D86AC55D0094631FB12C86 /* Pods_XMPPMessenger.framework */ = {isa = PBXFileReference; explicitFileType = wrapper.framework; includeInIndex = 0; path = Pods_XMPPMessenger.framework; sourceTree = BUILT_PRODUCTS_DIR; };
/* End PBXFileReference section */

/* Begin PBXFrameworksBuildPhase section */
		6900A9E722D953E3009BD879 /* Frameworks */ = {
			isa = PBXFrameworksBuildPhase;
			buildActionMask = 2147483647;
			files = (
				55C130DCFC8F6D44B4363F9A /* Pods_XMPPMessenger.framework in Frameworks */,
			);
			runOnlyForDeploymentPostprocessing = 0;
		};
		6900A9FB22D953E7009BD879 /* Frameworks */ = {
			isa = PBXFrameworksBuildPhase;
			buildActionMask = 2147483647;
			files = (
			);
			runOnlyForDeploymentPostprocessing = 0;
		};
		6900AA0622D953E7009BD879 /* Frameworks */ = {
			isa = PBXFrameworksBuildPhase;
			buildActionMask = 2147483647;
			files = (
			);
			runOnlyForDeploymentPostprocessing = 0;
		};
/* End PBXFrameworksBuildPhase section */

/* Begin PBXGroup section */
		557832D8BE46114CBC32AE5B /* Frameworks */ = {
			isa = PBXGroup;
			children = (
				F9D86AC55D0094631FB12C86 /* Pods_XMPPMessenger.framework */,
			);
			name = Frameworks;
			sourceTree = "<group>";
		};
		6900A9E122D953E3009BD879 = {
			isa = PBXGroup;
			children = (
				6900AA1E22D9560C009BD879 /* Podfile */,
				6900A9EC22D953E3009BD879 /* XMPPMessenger */,
				6900AA0122D953E7009BD879 /* XMPPMessengerTests */,
				6900AA0C22D953E7009BD879 /* XMPPMessengerUITests */,
				6900A9EB22D953E3009BD879 /* Products */,
				B196D2BCE64C863B8C5F6F2F /* Pods */,
				557832D8BE46114CBC32AE5B /* Frameworks */,
			);
			sourceTree = "<group>";
		};
		6900A9EB22D953E3009BD879 /* Products */ = {
			isa = PBXGroup;
			children = (
				6900A9EA22D953E3009BD879 /* XMPPMessenger.app */,
				6900A9FE22D953E7009BD879 /* XMPPMessengerTests.xctest */,
				6900AA0922D953E7009BD879 /* XMPPMessengerUITests.xctest */,
			);
			name = Products;
			sourceTree = "<group>";
		};
		6900A9EC22D953E3009BD879 /* XMPPMessenger */ = {
			isa = PBXGroup;
			children = (
				6900A9ED22D953E3009BD879 /* AppDelegate.swift */,
				6900A9EF22D953E3009BD879 /* ViewController.swift */,
				6900A9F122D953E3009BD879 /* Main.storyboard */,
				6900A9F422D953E7009BD879 /* Assets.xcassets */,
				6900A9F622D953E7009BD879 /* LaunchScreen.storyboard */,
				6900A9F922D953E7009BD879 /* Info.plist */,
				6900AA1B22D95529009BD879 /* CommunicationManager.swift */,
				69060A0B22DA1E0B000587C4 /* MultiCast.swift */,
				6900AA2522D95DC1009BD879 /* ConnectionInformation.plist */,
				6900AA1F22D956C3009BD879 /* Message.swift */,
				6900AA2122D95709009BD879 /* Image.swift */,
				6900AA2322D957E6009BD879 /* ClientInformation.swift */,
				69060A0922DA09F2000587C4 /* UserCredential.swift */,
			);
			path = XMPPMessenger;
			sourceTree = "<group>";
		};
		6900AA0122D953E7009BD879 /* XMPPMessengerTests */ = {
			isa = PBXGroup;
			children = (
				6900AA0222D953E7009BD879 /* XMPPMessengerTests.swift */,
				6900AA0422D953E7009BD879 /* Info.plist */,
			);
			path = XMPPMessengerTests;
			sourceTree = "<group>";
		};
		6900AA0C22D953E7009BD879 /* XMPPMessengerUITests */ = {
			isa = PBXGroup;
			children = (
				6900AA0D22D953E7009BD879 /* XMPPMessengerUITests.swift */,
				6900AA0F22D953E7009BD879 /* Info.plist */,
			);
			path = XMPPMessengerUITests;
			sourceTree = "<group>";
		};
		B196D2BCE64C863B8C5F6F2F /* Pods */ = {
			isa = PBXGroup;
			children = (
				414BF67D64F06A50B1E83033 /* Pods-XMPPMessenger.debug.xcconfig */,
				B4EBBB67DFFCE2A4B73A149B /* Pods-XMPPMessenger.release.xcconfig */,
			);
			path = Pods;
			sourceTree = "<group>";
		};
/* End PBXGroup section */

/* Begin PBXNativeTarget section */
		6900A9E922D953E3009BD879 /* XMPPMessenger */ = {
			isa = PBXNativeTarget;
			buildConfigurationList = 6900AA1222D953E7009BD879 /* Build configuration list for PBXNativeTarget "XMPPMessenger" */;
			buildPhases = (
				35A4F04B00BC4BB33CDC4BEF /* [CP] Check Pods Manifest.lock */,
				6900A9E622D953E3009BD879 /* Sources */,
				6900A9E722D953E3009BD879 /* Frameworks */,
				6900A9E822D953E3009BD879 /* Resources */,
				70DB315131A5D071FBF39131 /* [CP] Embed Pods Frameworks */,
			);
			buildRules = (
			);
			dependencies = (
			);
			name = XMPPMessenger;
			productName = XMPPMessenger;
			productReference = 6900A9EA22D953E3009BD879 /* XMPPMessenger.app */;
			productType = "com.apple.product-type.application";
		};
		6900A9FD22D953E7009BD879 /* XMPPMessengerTests */ = {
			isa = PBXNativeTarget;
			buildConfigurationList = 6900AA1522D953E7009BD879 /* Build configuration list for PBXNativeTarget "XMPPMessengerTests" */;
			buildPhases = (
				6900A9FA22D953E7009BD879 /* Sources */,
				6900A9FB22D953E7009BD879 /* Frameworks */,
				6900A9FC22D953E7009BD879 /* Resources */,
			);
			buildRules = (
			);
			dependencies = (
				6900AA0022D953E7009BD879 /* PBXTargetDependency */,
			);
			name = XMPPMessengerTests;
			productName = XMPPMessengerTests;
			productReference = 6900A9FE22D953E7009BD879 /* XMPPMessengerTests.xctest */;
			productType = "com.apple.product-type.bundle.unit-test";
		};
		6900AA0822D953E7009BD879 /* XMPPMessengerUITests */ = {
			isa = PBXNativeTarget;
			buildConfigurationList = 6900AA1822D953E7009BD879 /* Build configuration list for PBXNativeTarget "XMPPMessengerUITests" */;
			buildPhases = (
				6900AA0522D953E7009BD879 /* Sources */,
				6900AA0622D953E7009BD879 /* Frameworks */,
				6900AA0722D953E7009BD879 /* Resources */,
			);
			buildRules = (
			);
			dependencies = (
				6900AA0B22D953E7009BD879 /* PBXTargetDependency */,
			);
			name = XMPPMessengerUITests;
			productName = XMPPMessengerUITests;
			productReference = 6900AA0922D953E7009BD879 /* XMPPMessengerUITests.xctest */;
			productType = "com.apple.product-type.bundle.ui-testing";
		};
/* End PBXNativeTarget section */

/* Begin PBXProject section */
		6900A9E222D953E3009BD879 /* Project object */ = {
			isa = PBXProject;
			attributes = {
				LastSwiftUpdateCheck = 1020;
				LastUpgradeCheck = 1020;
				ORGANIZATIONNAME = "Sepandat Pourtaymour";
				TargetAttributes = {
					6900A9E922D953E3009BD879 = {
						CreatedOnToolsVersion = 10.2.1;
					};
					6900A9FD22D953E7009BD879 = {
						CreatedOnToolsVersion = 10.2.1;
						TestTargetID = 6900A9E922D953E3009BD879;
					};
					6900AA0822D953E7009BD879 = {
						CreatedOnToolsVersion = 10.2.1;
						TestTargetID = 6900A9E922D953E3009BD879;
					};
				};
			};
			buildConfigurationList = 6900A9E522D953E3009BD879 /* Build configuration list for PBXProject "XMPPMessenger" */;
			compatibilityVersion = "Xcode 9.3";
			developmentRegion = en;
			hasScannedForEncodings = 0;
			knownRegions = (
				en,
				Base,
			);
			mainGroup = 6900A9E122D953E3009BD879;
			productRefGroup = 6900A9EB22D953E3009BD879 /* Products */;
			projectDirPath = "";
			projectRoot = "";
			targets = (
				6900A9E922D953E3009BD879 /* XMPPMessenger */,
				6900A9FD22D953E7009BD879 /* XMPPMessengerTests */,
				6900AA0822D953E7009BD879 /* XMPPMessengerUITests */,
			);
		};
/* End PBXProject section */

/* Begin PBXResourcesBuildPhase section */
		6900A9E822D953E3009BD879 /* Resources */ = {
			isa = PBXResourcesBuildPhase;
			buildActionMask = 2147483647;
			files = (
				6900A9F822D953E7009BD879 /* LaunchScreen.storyboard in Resources */,
				6900A9F522D953E7009BD879 /* Assets.xcassets in Resources */,
				6900A9F322D953E3009BD879 /* Main.storyboard in Resources */,
				6900AA2622D95DC1009BD879 /* ConnectionInformation.plist in Resources */,
			);
			runOnlyForDeploymentPostprocessing = 0;
		};
		6900A9FC22D953E7009BD879 /* Resources */ = {
			isa = PBXResourcesBuildPhase;
			buildActionMask = 2147483647;
			files = (
			);
			runOnlyForDeploymentPostprocessing = 0;
		};
		6900AA0722D953E7009BD879 /* Resources */ = {
			isa = PBXResourcesBuildPhase;
			buildActionMask = 2147483647;
			files = (
			);
			runOnlyForDeploymentPostprocessing = 0;
		};
/* End PBXResourcesBuildPhase section */

/* Begin PBXShellScriptBuildPhase section */
		35A4F04B00BC4BB33CDC4BEF /* [CP] Check Pods Manifest.lock */ = {
			isa = PBXShellScriptBuildPhase;
			buildActionMask = 2147483647;
			files = (
			);
			inputFileListPaths = (
			);
			inputPaths = (
				"${PODS_PODFILE_DIR_PATH}/Podfile.lock",
				"${PODS_ROOT}/Manifest.lock",
			);
			name = "[CP] Check Pods Manifest.lock";
			outputFileListPaths = (
			);
			outputPaths = (
				"$(DERIVED_FILE_DIR)/Pods-XMPPMessenger-checkManifestLockResult.txt",
			);
			runOnlyForDeploymentPostprocessing = 0;
			shellPath = /bin/sh;
			shellScript = "diff \"${PODS_PODFILE_DIR_PATH}/Podfile.lock\" \"${PODS_ROOT}/Manifest.lock\" > /dev/null\nif [ $? != 0 ] ; then\n    # print error to STDERR\n    echo \"error: The sandbox is not in sync with the Podfile.lock. Run 'pod install' or update your CocoaPods installation.\" >&2\n    exit 1\nfi\n# This output is used by Xcode 'outputs' to avoid re-running this script phase.\necho \"SUCCESS\" > \"${SCRIPT_OUTPUT_FILE_0}\"\n";
			showEnvVarsInLog = 0;
		};
		70DB315131A5D071FBF39131 /* [CP] Embed Pods Frameworks */ = {
			isa = PBXShellScriptBuildPhase;
			buildActionMask = 2147483647;
			files = (
			);
			inputFileListPaths = (
			);
			inputPaths = (
				"${PODS_ROOT}/Target Support Files/Pods-XMPPMessenger/Pods-XMPPMessenger-frameworks.sh",
				"${BUILT_PRODUCTS_DIR}/CocoaAsyncSocket/CocoaAsyncSocket.framework",
				"${BUILT_PRODUCTS_DIR}/CocoaLumberjack/CocoaLumberjack.framework",
				"${BUILT_PRODUCTS_DIR}/KissXML/KissXML.framework",
				"${BUILT_PRODUCTS_DIR}/XMPPFramework/XMPPFramework.framework",
				"${BUILT_PRODUCTS_DIR}/libidn/libidn.framework",
			);
			name = "[CP] Embed Pods Frameworks";
			outputFileListPaths = (
			);
			outputPaths = (
				"${TARGET_BUILD_DIR}/${FRAMEWORKS_FOLDER_PATH}/CocoaAsyncSocket.framework",
				"${TARGET_BUILD_DIR}/${FRAMEWORKS_FOLDER_PATH}/CocoaLumberjack.framework",
				"${TARGET_BUILD_DIR}/${FRAMEWORKS_FOLDER_PATH}/KissXML.framework",
				"${TARGET_BUILD_DIR}/${FRAMEWORKS_FOLDER_PATH}/XMPPFramework.framework",
				"${TARGET_BUILD_DIR}/${FRAMEWORKS_FOLDER_PATH}/libidn.framework",
			);
			runOnlyForDeploymentPostprocessing = 0;
			shellPath = /bin/sh;
			shellScript = "\"${PODS_ROOT}/Target Support Files/Pods-XMPPMessenger/Pods-XMPPMessenger-frameworks.sh\"\n";
			showEnvVarsInLog = 0;
		};
/* End PBXShellScriptBuildPhase section */

/* Begin PBXSourcesBuildPhase section */
		6900A9E622D953E3009BD879 /* Sources */ = {
			isa = PBXSourcesBuildPhase;
			buildActionMask = 2147483647;
			files = (
				69060A0C22DA1E0B000587C4 /* MultiCast.swift in Sources */,
				6900A9F022D953E3009BD879 /* ViewController.swift in Sources */,
				6900AA2422D957E6009BD879 /* ClientInformation.swift in Sources */,
				6900AA2022D956C3009BD879 /* Message.swift in Sources */,
				6900AA1C22D95529009BD879 /* CommunicationManager.swift in Sources */,
				6900A9EE22D953E3009BD879 /* AppDelegate.swift in Sources */,
				69060A0A22DA09F2000587C4 /* UserCredential.swift in Sources */,
				6900AA2222D95709009BD879 /* Image.swift in Sources */,
			);
			runOnlyForDeploymentPostprocessing = 0;
		};
		6900A9FA22D953E7009BD879 /* Sources */ = {
			isa = PBXSourcesBuildPhase;
			buildActionMask = 2147483647;
			files = (
				6900AA0322D953E7009BD879 /* XMPPMessengerTests.swift in Sources */,
			);
			runOnlyForDeploymentPostprocessing = 0;
		};
		6900AA0522D953E7009BD879 /* Sources */ = {
			isa = PBXSourcesBuildPhase;
			buildActionMask = 2147483647;
			files = (
				6900AA0E22D953E7009BD879 /* XMPPMessengerUITests.swift in Sources */,
			);
			runOnlyForDeploymentPostprocessing = 0;
		};
/* End PBXSourcesBuildPhase section */

/* Begin PBXTargetDependency section */
		6900AA0022D953E7009BD879 /* PBXTargetDependency */ = {
			isa = PBXTargetDependency;
			target = 6900A9E922D953E3009BD879 /* XMPPMessenger */;
			targetProxy = 6900A9FF22D953E7009BD879 /* PBXContainerItemProxy */;
		};
		6900AA0B22D953E7009BD879 /* PBXTargetDependency */ = {
			isa = PBXTargetDependency;
			target = 6900A9E922D953E3009BD879 /* XMPPMessenger */;
			targetProxy = 6900AA0A22D953E7009BD879 /* PBXContainerItemProxy */;
		};
/* End PBXTargetDependency section */

/* Begin PBXVariantGroup section */
		6900A9F122D953E3009BD879 /* Main.storyboard */ = {
			isa = PBXVariantGroup;
			children = (
				6900A9F222D953E3009BD879 /* Base */,
			);
			name = Main.storyboard;
			sourceTree = "<group>";
		};
		6900A9F622D953E7009BD879 /* LaunchScreen.storyboard */ = {
			isa = PBXVariantGroup;
			children = (
				6900A9F722D953E7009BD879 /* Base */,
			);
			name = LaunchScreen.storyboard;
			sourceTree = "<group>";
		};
/* End PBXVariantGroup section */

/* Begin XCBuildConfiguration section */
		6900AA1022D953E7009BD879 /* Debug */ = {
			isa = XCBuildConfiguration;
			buildSettings = {
				ALWAYS_SEARCH_USER_PATHS = NO;
				CLANG_ANALYZER_NONNULL = YES;
				CLANG_ANALYZER_NUMBER_OBJECT_CONVERSION = YES_AGGRESSIVE;
				CLANG_CXX_LANGUAGE_STANDARD = "gnu++14";
				CLANG_CXX_LIBRARY = "libc++";
				CLANG_ENABLE_MODULES = YES;
				CLANG_ENABLE_OBJC_ARC = YES;
				CLANG_ENABLE_OBJC_WEAK = YES;
				CLANG_WARN_BLOCK_CAPTURE_AUTORELEASING = YES;
				CLANG_WARN_BOOL_CONVERSION = YES;
				CLANG_WARN_COMMA = YES;
				CLANG_WARN_CONSTANT_CONVERSION = YES;
				CLANG_WARN_DEPRECATED_OBJC_IMPLEMENTATIONS = YES;
				CLANG_WARN_DIRECT_OBJC_ISA_USAGE = YES_ERROR;
				CLANG_WARN_DOCUMENTATION_COMMENTS = YES;
				CLANG_WARN_EMPTY_BODY = YES;
				CLANG_WARN_ENUM_CONVERSION = YES;
				CLANG_WARN_INFINITE_RECURSION = YES;
				CLANG_WARN_INT_CONVERSION = YES;
				CLANG_WARN_NON_LITERAL_NULL_CONVERSION = YES;
				CLANG_WARN_OBJC_IMPLICIT_RETAIN_SELF = YES;
				CLANG_WARN_OBJC_LITERAL_CONVERSION = YES;
				CLANG_WARN_OBJC_ROOT_CLASS = YES_ERROR;
				CLANG_WARN_RANGE_LOOP_ANALYSIS = YES;
				CLANG_WARN_STRICT_PROTOTYPES = YES;
				CLANG_WARN_SUSPICIOUS_MOVE = YES;
				CLANG_WARN_UNGUARDED_AVAILABILITY = YES_AGGRESSIVE;
				CLANG_WARN_UNREACHABLE_CODE = YES;
				CLANG_WARN__DUPLICATE_METHOD_MATCH = YES;
				CODE_SIGN_IDENTITY = "iPhone Developer";
				COPY_PHASE_STRIP = NO;
				DEBUG_INFORMATION_FORMAT = dwarf;
				ENABLE_STRICT_OBJC_MSGSEND = YES;
				ENABLE_TESTABILITY = YES;
				GCC_C_LANGUAGE_STANDARD = gnu11;
				GCC_DYNAMIC_NO_PIC = NO;
				GCC_NO_COMMON_BLOCKS = YES;
				GCC_OPTIMIZATION_LEVEL = 0;
				GCC_PREPROCESSOR_DEFINITIONS = (
					"DEBUG=1",
					"$(inherited)",
				);
				GCC_WARN_64_TO_32_BIT_CONVERSION = YES;
				GCC_WARN_ABOUT_RETURN_TYPE = YES_ERROR;
				GCC_WARN_UNDECLARED_SELECTOR = YES;
				GCC_WARN_UNINITIALIZED_AUTOS = YES_AGGRESSIVE;
				GCC_WARN_UNUSED_FUNCTION = YES;
				GCC_WARN_UNUSED_VARIABLE = YES;
				IPHONEOS_DEPLOYMENT_TARGET = 12.2;
				MTL_ENABLE_DEBUG_INFO = INCLUDE_SOURCE;
				MTL_FAST_MATH = YES;
				ONLY_ACTIVE_ARCH = YES;
				SDKROOT = iphoneos;
				SWIFT_ACTIVE_COMPILATION_CONDITIONS = DEBUG;
				SWIFT_OPTIMIZATION_LEVEL = "-Onone";
			};
			name = Debug;
		};
		6900AA1122D953E7009BD879 /* Release */ = {
			isa = XCBuildConfiguration;
			buildSettings = {
				ALWAYS_SEARCH_USER_PATHS = NO;
				CLANG_ANALYZER_NONNULL = YES;
				CLANG_ANALYZER_NUMBER_OBJECT_CONVERSION = YES_AGGRESSIVE;
				CLANG_CXX_LANGUAGE_STANDARD = "gnu++14";
				CLANG_CXX_LIBRARY = "libc++";
				CLANG_ENABLE_MODULES = YES;
				CLANG_ENABLE_OBJC_ARC = YES;
				CLANG_ENABLE_OBJC_WEAK = YES;
				CLANG_WARN_BLOCK_CAPTURE_AUTORELEASING = YES;
				CLANG_WARN_BOOL_CONVERSION = YES;
				CLANG_WARN_COMMA = YES;
				CLANG_WARN_CONSTANT_CONVERSION = YES;
				CLANG_WARN_DEPRECATED_OBJC_IMPLEMENTATIONS = YES;
				CLANG_WARN_DIRECT_OBJC_ISA_USAGE = YES_ERROR;
				CLANG_WARN_DOCUMENTATION_COMMENTS = YES;
				CLANG_WARN_EMPTY_BODY = YES;
				CLANG_WARN_ENUM_CONVERSION = YES;
				CLANG_WARN_INFINITE_RECURSION = YES;
				CLANG_WARN_INT_CONVERSION = YES;
				CLANG_WARN_NON_LITERAL_NULL_CONVERSION = YES;
				CLANG_WARN_OBJC_IMPLICIT_RETAIN_SELF = YES;
				CLANG_WARN_OBJC_LITERAL_CONVERSION = YES;
				CLANG_WARN_OBJC_ROOT_CLASS = YES_ERROR;
				CLANG_WARN_RANGE_LOOP_ANALYSIS = YES;
				CLANG_WARN_STRICT_PROTOTYPES = YES;
				CLANG_WARN_SUSPICIOUS_MOVE = YES;
				CLANG_WARN_UNGUARDED_AVAILABILITY = YES_AGGRESSIVE;
				CLANG_WARN_UNREACHABLE_CODE = YES;
				CLANG_WARN__DUPLICATE_METHOD_MATCH = YES;
				CODE_SIGN_IDENTITY = "iPhone Developer";
				COPY_PHASE_STRIP = NO;
				DEBUG_INFORMATION_FORMAT = "dwarf-with-dsym";
				ENABLE_NS_ASSERTIONS = NO;
				ENABLE_STRICT_OBJC_MSGSEND = YES;
				GCC_C_LANGUAGE_STANDARD = gnu11;
				GCC_NO_COMMON_BLOCKS = YES;
				GCC_WARN_64_TO_32_BIT_CONVERSION = YES;
				GCC_WARN_ABOUT_RETURN_TYPE = YES_ERROR;
				GCC_WARN_UNDECLARED_SELECTOR = YES;
				GCC_WARN_UNINITIALIZED_AUTOS = YES_AGGRESSIVE;
				GCC_WARN_UNUSED_FUNCTION = YES;
				GCC_WARN_UNUSED_VARIABLE = YES;
				IPHONEOS_DEPLOYMENT_TARGET = 12.2;
				MTL_ENABLE_DEBUG_INFO = NO;
				MTL_FAST_MATH = YES;
				SDKROOT = iphoneos;
				SWIFT_COMPILATION_MODE = wholemodule;
				SWIFT_OPTIMIZATION_LEVEL = "-O";
				VALIDATE_PRODUCT = YES;
			};
			name = Release;
		};
		6900AA1322D953E7009BD879 /* Debug */ = {
			isa = XCBuildConfiguration;
			baseConfigurationReference = 414BF67D64F06A50B1E83033 /* Pods-XMPPMessenger.debug.xcconfig */;
			buildSettings = {
				ASSETCATALOG_COMPILER_APPICON_NAME = AppIcon;
				CODE_SIGN_STYLE = Automatic;
				DEVELOPMENT_TEAM = 2ADSRFR99R;
				INFOPLIST_FILE = XMPPMessenger/Info.plist;
				LD_RUNPATH_SEARCH_PATHS = (
					"$(inherited)",
					"@executable_path/Frameworks",
				);
				PRODUCT_BUNDLE_IDENTIFIER = com.appcoin.XMPPMessenger;
				PRODUCT_NAME = "$(TARGET_NAME)";
				SWIFT_VERSION = 5.0;
				TARGETED_DEVICE_FAMILY = "1,2";
			};
			name = Debug;
		};
		6900AA1422D953E7009BD879 /* Release */ = {
			isa = XCBuildConfiguration;
			baseConfigurationReference = B4EBBB67DFFCE2A4B73A149B /* Pods-XMPPMessenger.release.xcconfig */;
			buildSettings = {
				ASSETCATALOG_COMPILER_APPICON_NAME = AppIcon;
				CODE_SIGN_STYLE = Automatic;
				DEVELOPMENT_TEAM = 2ADSRFR99R;
				INFOPLIST_FILE = XMPPMessenger/Info.plist;
				LD_RUNPATH_SEARCH_PATHS = (
					"$(inherited)",
					"@executable_path/Frameworks",
				);
				PRODUCT_BUNDLE_IDENTIFIER = com.appcoin.XMPPMessenger;
				PRODUCT_NAME = "$(TARGET_NAME)";
				SWIFT_VERSION = 5.0;
				TARGETED_DEVICE_FAMILY = "1,2";
			};
			name = Release;
		};
		6900AA1622D953E7009BD879 /* Debug */ = {
			isa = XCBuildConfiguration;
			buildSettings = {
				ALWAYS_EMBED_SWIFT_STANDARD_LIBRARIES = YES;
				BUNDLE_LOADER = "$(TEST_HOST)";
				CODE_SIGN_STYLE = Automatic;
				INFOPLIST_FILE = XMPPMessengerTests/Info.plist;
				LD_RUNPATH_SEARCH_PATHS = (
					"$(inherited)",
					"@executable_path/Frameworks",
					"@loader_path/Frameworks",
				);
				PRODUCT_BUNDLE_IDENTIFIER = com.appcoin.XMPPMessengerTests;
				PRODUCT_NAME = "$(TARGET_NAME)";
				SWIFT_VERSION = 5.0;
				TARGETED_DEVICE_FAMILY = "1,2";
				TEST_HOST = "$(BUILT_PRODUCTS_DIR)/XMPPMessenger.app/XMPPMessenger";
			};
			name = Debug;
		};
		6900AA1722D953E7009BD879 /* Release */ = {
			isa = XCBuildConfiguration;
			buildSettings = {
				ALWAYS_EMBED_SWIFT_STANDARD_LIBRARIES = YES;
				BUNDLE_LOADER = "$(TEST_HOST)";
				CODE_SIGN_STYLE = Automatic;
				INFOPLIST_FILE = XMPPMessengerTests/Info.plist;
				LD_RUNPATH_SEARCH_PATHS = (
					"$(inherited)",
					"@executable_path/Frameworks",
					"@loader_path/Frameworks",
				);
				PRODUCT_BUNDLE_IDENTIFIER = com.appcoin.XMPPMessengerTests;
				PRODUCT_NAME = "$(TARGET_NAME)";
				SWIFT_VERSION = 5.0;
				TARGETED_DEVICE_FAMILY = "1,2";
				TEST_HOST = "$(BUILT_PRODUCTS_DIR)/XMPPMessenger.app/XMPPMessenger";
			};
			name = Release;
		};
		6900AA1922D953E7009BD879 /* Debug */ = {
			isa = XCBuildConfiguration;
			buildSettings = {
				ALWAYS_EMBED_SWIFT_STANDARD_LIBRARIES = YES;
				CODE_SIGN_STYLE = Automatic;
				INFOPLIST_FILE = XMPPMessengerUITests/Info.plist;
				LD_RUNPATH_SEARCH_PATHS = (
					"$(inherited)",
					"@executable_path/Frameworks",
					"@loader_path/Frameworks",
				);
				PRODUCT_BUNDLE_IDENTIFIER = com.appcoin.XMPPMessengerUITests;
				PRODUCT_NAME = "$(TARGET_NAME)";
				SWIFT_VERSION = 5.0;
				TARGETED_DEVICE_FAMILY = "1,2";
				TEST_TARGET_NAME = XMPPMessenger;
			};
			name = Debug;
		};
		6900AA1A22D953E7009BD879 /* Release */ = {
			isa = XCBuildConfiguration;
			buildSettings = {
				ALWAYS_EMBED_SWIFT_STANDARD_LIBRARIES = YES;
				CODE_SIGN_STYLE = Automatic;
				INFOPLIST_FILE = XMPPMessengerUITests/Info.plist;
				LD_RUNPATH_SEARCH_PATHS = (
					"$(inherited)",
					"@executable_path/Frameworks",
					"@loader_path/Frameworks",
				);
				PRODUCT_BUNDLE_IDENTIFIER = com.appcoin.XMPPMessengerUITests;
				PRODUCT_NAME = "$(TARGET_NAME)";
				SWIFT_VERSION = 5.0;
				TARGETED_DEVICE_FAMILY = "1,2";
				TEST_TARGET_NAME = XMPPMessenger;
			};
			name = Release;
		};
/* End XCBuildConfiguration section */

/* Begin XCConfigurationList section */
		6900A9E522D953E3009BD879 /* Build configuration list for PBXProject "XMPPMessenger" */ = {
			isa = XCConfigurationList;
			buildConfigurations = (
				6900AA1022D953E7009BD879 /* Debug */,
				6900AA1122D953E7009BD879 /* Release */,
			);
			defaultConfigurationIsVisible = 0;
			defaultConfigurationName = Release;
		};
		6900AA1222D953E7009BD879 /* Build configuration list for PBXNativeTarget "XMPPMessenger" */ = {
			isa = XCConfigurationList;
			buildConfigurations = (
				6900AA1322D953E7009BD879 /* Debug */,
				6900AA1422D953E7009BD879 /* Release */,
			);
			defaultConfigurationIsVisible = 0;
			defaultConfigurationName = Release;
		};
		6900AA1522D953E7009BD879 /* Build configuration list for PBXNativeTarget "XMPPMessengerTests" */ = {
			isa = XCConfigurationList;
			buildConfigurations = (
				6900AA1622D953E7009BD879 /* Debug */,
				6900AA1722D953E7009BD879 /* Release */,
			);
			defaultConfigurationIsVisible = 0;
			defaultConfigurationName = Release;
		};
		6900AA1822D953E7009BD879 /* Build configuration list for PBXNativeTarget "XMPPMessengerUITests" */ = {
			isa = XCConfigurationList;
			buildConfigurations = (
				6900AA1922D953E7009BD879 /* Debug */,
				6900AA1A22D953E7009BD879 /* Release */,
			);
			defaultConfigurationIsVisible = 0;
			defaultConfigurationName = Release;
		};
/* End XCConfigurationList section */
	};
	rootObject = 6900A9E222D953E3009BD879 /* Project object */;
}
